// !$*UTF8*$!
{
	archiveVersion = 1;
	classes = {
	};
	objectVersion = 48;
	objects = {

/* Begin PBXBuildFile section */
		288F64321FD938A500B5672B /* AppDelegate.swift in Sources */ = {isa = PBXBuildFile; fileRef = 288F64311FD938A500B5672B /* AppDelegate.swift */; };
		288F64341FD938A500B5672B /* ViewController.swift in Sources */ = {isa = PBXBuildFile; fileRef = 288F64331FD938A500B5672B /* ViewController.swift */; };
		288F64371FD938A500B5672B /* Main.storyboard in Resources */ = {isa = PBXBuildFile; fileRef = 288F64351FD938A500B5672B /* Main.storyboard */; };
		288F64391FD938A500B5672B /* Assets.xcassets in Resources */ = {isa = PBXBuildFile; fileRef = 288F64381FD938A500B5672B /* Assets.xcassets */; };
		288F643C1FD938A500B5672B /* LaunchScreen.storyboard in Resources */ = {isa = PBXBuildFile; fileRef = 288F643A1FD938A500B5672B /* LaunchScreen.storyboard */; };
		288F64471FD938A500B5672B /* GitTestTests.swift in Sources */ = {isa = PBXBuildFile; fileRef = 288F64461FD938A500B5672B /* GitTestTests.swift */; };
		288F64521FD938A500B5672B /* GitTestUITests.swift in Sources */ = {isa = PBXBuildFile; fileRef = 288F64511FD938A500B5672B /* GitTestUITests.swift */; };
/* End PBXBuildFile section */

/* Begin PBXContainerItemProxy section */
		288F64431FD938A500B5672B /* PBXContainerItemProxy */ = {
			isa = PBXContainerItemProxy;
			containerPortal = 288F64261FD938A400B5672B /* Project object */;
			proxyType = 1;
			remoteGlobalIDString = 288F642D1FD938A400B5672B;
			remoteInfo = GitTest;
		};
		288F644E1FD938A500B5672B /* PBXContainerItemProxy */ = {
			isa = PBXContainerItemProxy;
			containerPortal = 288F64261FD938A400B5672B /* Project object */;
			proxyType = 1;
			remoteGlobalIDString = 288F642D1FD938A400B5672B;
			remoteInfo = GitTest;
		};
/* End PBXContainerItemProxy section */

/* Begin PBXFileReference section */
		288F642E1FD938A500B5672B /* GitTest.app */ = {isa = PBXFileReference; explicitFileType = wrapper.application; includeInIndex = 0; path = GitTest.app; sourceTree = BUILT_PRODUCTS_DIR; };
		288F64311FD938A500B5672B /* AppDelegate.swift */ = {isa = PBXFileReference; lastKnownFileType = sourcecode.swift; path = AppDelegate.swift; sourceTree = "<group>"; };
		288F64331FD938A500B5672B /* ViewController.swift */ = {isa = PBXFileReference; lastKnownFileType = sourcecode.swift; path = ViewController.swift; sourceTree = "<group>"; };
		288F64361FD938A500B5672B /* Base */ = {isa = PBXFileReference; lastKnownFileType = file.storyboard; name = Base; path = Base.lproj/Main.storyboard; sourceTree = "<group>"; };
		288F64381FD938A500B5672B /* Assets.xcassets */ = {isa = PBXFileReference; lastKnownFileType = folder.assetcatalog; path = Assets.xcassets; sourceTree = "<group>"; };
		288F643B1FD938A500B5672B /* Base */ = {isa = PBXFileReference; lastKnownFileType = file.storyboard; name = Base; path = Base.lproj/LaunchScreen.storyboard; sourceTree = "<group>"; };
		288F643D1FD938A500B5672B /* Info.plist */ = {isa = PBXFileReference; lastKnownFileType = text.plist.xml; path = Info.plist; sourceTree = "<group>"; };
		288F64421FD938A500B5672B /* GitTestTests.xctest */ = {isa = PBXFileReference; explicitFileType = wrapper.cfbundle; includeInIndex = 0; path = GitTestTests.xctest; sourceTree = BUILT_PRODUCTS_DIR; };
		288F64461FD938A500B5672B /* GitTestTests.swift */ = {isa = PBXFileReference; lastKnownFileType = sourcecode.swift; path = GitTestTests.swift; sourceTree = "<group>"; };
		288F64481FD938A500B5672B /* Info.plist */ = {isa = PBXFileReference; lastKnownFileType = text.plist.xml; path = Info.plist; sourceTree = "<group>"; };
		288F644D1FD938A500B5672B /* GitTestUITests.xctest */ = {isa = PBXFileReference; explicitFileType = wrapper.cfbundle; includeInIndex = 0; path = GitTestUITests.xctest; sourceTree = BUILT_PRODUCTS_DIR; };
		288F64511FD938A500B5672B /* GitTestUITests.swift */ = {isa = PBXFileReference; lastKnownFileType = sourcecode.swift; path = GitTestUITests.swift; sourceTree = "<group>"; };
		288F64531FD938A500B5672B /* Info.plist */ = {isa = PBXFileReference; lastKnownFileType = text.plist.xml; path = Info.plist; sourceTree = "<group>"; };
/* End PBXFileReference section */

/* Begin PBXFrameworksBuildPhase section */
		288F642B1FD938A400B5672B /* Frameworks */ = {
			isa = PBXFrameworksBuildPhase;
			buildActionMask = 2147483647;
			files = (
			);
			runOnlyForDeploymentPostprocessing = 0;
		};
		288F643F1FD938A500B5672B /* Frameworks */ = {
			isa = PBXFrameworksBuildPhase;
			buildActionMask = 2147483647;
			files = (
			);
			runOnlyForDeploymentPostprocessing = 0;
		};
		288F644A1FD938A500B5672B /* Frameworks */ = {
			isa = PBXFrameworksBuildPhase;
			buildActionMask = 2147483647;
			files = (
			);
			runOnlyForDeploymentPostprocessing = 0;
		};
/* End PBXFrameworksBuildPhase section */

/* Begin PBXGroup section */
		288F64251FD938A400B5672B = {
			isa = PBXGroup;
			children = (
				288F64301FD938A500B5672B /* GitTest */,
				288F64451FD938A500B5672B /* GitTestTests */,
				288F64501FD938A500B5672B /* GitTestUITests */,
				288F642F1FD938A500B5672B /* Products */,
			);
			sourceTree = "<group>";
		};
		288F642F1FD938A500B5672B /* Products */ = {
			isa = PBXGroup;
			children = (
				288F642E1FD938A500B5672B /* GitTest.app */,
				288F64421FD938A500B5672B /* GitTestTests.xctest */,
				288F644D1FD938A500B5672B /* GitTestUITests.xctest */,
			);
			name = Products;
			sourceTree = "<group>";
		};
		288F64301FD938A500B5672B /* GitTest */ = {
			isa = PBXGroup;
			children = (
				288F64311FD938A500B5672B /* AppDelegate.swift */,
				288F64331FD938A500B5672B /* ViewController.swift */,
				288F64351FD938A500B5672B /* Main.storyboard */,
				288F64381FD938A500B5672B /* Assets.xcassets */,
				288F643A1FD938A500B5672B /* LaunchScreen.storyboard */,
				288F643D1FD938A500B5672B /* Info.plist */,
			);
			path = GitTest;
			sourceTree = "<group>";
		};
		288F64451FD938A500B5672B /* GitTestTests */ = {
			isa = PBXGroup;
			children = (
				288F64461FD938A500B5672B /* GitTestTests.swift */,
				288F64481FD938A500B5672B /* Info.plist */,
			);
			path = GitTestTests;
			sourceTree = "<group>";
		};
		288F64501FD938A500B5672B /* GitTestUITests */ = {
			isa = PBXGroup;
			children = (
				288F64511FD938A500B5672B /* GitTestUITests.swift */,
				288F64531FD938A500B5672B /* Info.plist */,
			);
			path = GitTestUITests;
			sourceTree = "<group>";
		};
/* End PBXGroup section */

/* Begin PBXNativeTarget section */
		288F642D1FD938A400B5672B /* GitTest */ = {
			isa = PBXNativeTarget;
			buildConfigurationList = 288F64561FD938A500B5672B /* Build configuration list for PBXNativeTarget "GitTest" */;
			buildPhases = (
				288F642A1FD938A400B5672B /* Sources */,
				288F642B1FD938A400B5672B /* Frameworks */,
				288F642C1FD938A400B5672B /* Resources */,
			);
			buildRules = (
			);
			dependencies = (
			);
			name = GitTest;
			productName = GitTest;
			productReference = 288F642E1FD938A500B5672B /* GitTest.app */;
			productType = "com.apple.product-type.application";
		};
		288F64411FD938A500B5672B /* GitTestTests */ = {
			isa = PBXNativeTarget;
			buildConfigurationList = 288F64591FD938A500B5672B /* Build configuration list for PBXNativeTarget "GitTestTests" */;
			buildPhases = (
				288F643E1FD938A500B5672B /* Sources */,
				288F643F1FD938A500B5672B /* Frameworks */,
				288F64401FD938A500B5672B /* Resources */,
			);
			buildRules = (
			);
			dependencies = (
				288F64441FD938A500B5672B /* PBXTargetDependency */,
			);
			name = GitTestTests;
			productName = GitTestTests;
			productReference = 288F64421FD938A500B5672B /* GitTestTests.xctest */;
			productType = "com.apple.product-type.bundle.unit-test";
		};
		288F644C1FD938A500B5672B /* GitTestUITests */ = {
			isa = PBXNativeTarget;
			buildConfigurationList = 288F645C1FD938A500B5672B /* Build configuration list for PBXNativeTarget "GitTestUITests" */;
			buildPhases = (
				288F64491FD938A500B5672B /* Sources */,
				288F644A1FD938A500B5672B /* Frameworks */,
				288F644B1FD938A500B5672B /* Resources */,
			);
			buildRules = (
			);
			dependencies = (
				288F644F1FD938A500B5672B /* PBXTargetDependency */,
			);
			name = GitTestUITests;
			productName = GitTestUITests;
			productReference = 288F644D1FD938A500B5672B /* GitTestUITests.xctest */;
			productType = "com.apple.product-type.bundle.ui-testing";
		};
/* End PBXNativeTarget section */

/* Begin PBXProject section */
		288F64261FD938A400B5672B /* Project object */ = {
			isa = PBXProject;
			attributes = {
				LastSwiftUpdateCheck = 0920;
				LastUpgradeCheck = 0920;
				ORGANIZATIONNAME = "Alessandro Cindolo";
				TargetAttributes = {
					288F642D1FD938A400B5672B = {
						CreatedOnToolsVersion = 9.2;
						ProvisioningStyle = Automatic;
					};
					288F64411FD938A500B5672B = {
						CreatedOnToolsVersion = 9.2;
						ProvisioningStyle = Automatic;
						TestTargetID = 288F642D1FD938A400B5672B;
					};
					288F644C1FD938A500B5672B = {
						CreatedOnToolsVersion = 9.2;
						ProvisioningStyle = Automatic;
						TestTargetID = 288F642D1FD938A400B5672B;
					};
				};
			};
			buildConfigurationList = 288F64291FD938A400B5672B /* Build configuration list for PBXProject "GitTest" */;
			compatibilityVersion = "Xcode 8.0";
			developmentRegion = en;
			hasScannedForEncodings = 0;
			knownRegions = (
				en,
				Base,
			);
			mainGroup = 288F64251FD938A400B5672B;
			productRefGroup = 288F642F1FD938A500B5672B /* Products */;
			projectDirPath = "";
			projectRoot = "";
			targets = (
				288F642D1FD938A400B5672B /* GitTest */,
				288F64411FD938A500B5672B /* GitTestTests */,
				288F644C1FD938A500B5672B /* GitTestUITests */,
			);
		};
/* End PBXProject section */

/* Begin PBXResourcesBuildPhase section */
		288F642C1FD938A400B5672B /* Resources */ = {
			isa = PBXResourcesBuildPhase;
			buildActionMask = 2147483647;
			files = (
				288F643C1FD938A500B5672B /* LaunchScreen.storyboard in Resources */,
				288F64391FD938A500B5672B /* Assets.xcassets in Resources */,
				288F64371FD938A500B5672B /* Main.storyboard in Resources */,
			);
			runOnlyForDeploymentPostprocessing = 0;
		};
		288F64401FD938A500B5672B /* Resources */ = {
			isa = PBXResourcesBuildPhase;
			buildActionMask = 2147483647;
			files = (
			);
			runOnlyForDeploymentPostprocessing = 0;
		};
		288F644B1FD938A500B5672B /* Resources */ = {
			isa = PBXResourcesBuildPhase;
			buildActionMask = 2147483647;
			files = (
			);
			runOnlyForDeploymentPostprocessing = 0;
		};
/* End PBXResourcesBuildPhase section */

/* Begin PBXSourcesBuildPhase section */
		288F642A1FD938A400B5672B /* Sources */ = {
			isa = PBXSourcesBuildPhase;
			buildActionMask = 2147483647;
			files = (
				288F64341FD938A500B5672B /* ViewController.swift in Sources */,
				288F64321FD938A500B5672B /* AppDelegate.swift in Sources */,
			);
			runOnlyForDeploymentPostprocessing = 0;
		};
		288F643E1FD938A500B5672B /* Sources */ = {
			isa = PBXSourcesBuildPhase;
			buildActionMask = 2147483647;
			files = (
				288F64471FD938A500B5672B /* GitTestTests.swift in Sources */,
			);
			runOnlyForDeploymentPostprocessing = 0;
		};
		288F64491FD938A500B5672B /* Sources */ = {
			isa = PBXSourcesBuildPhase;
			buildActionMask = 2147483647;
			files = (
				288F64521FD938A500B5672B /* GitTestUITests.swift in Sources */,
			);
			runOnlyForDeploymentPostprocessing = 0;
		};
/* End PBXSourcesBuildPhase section */

/* Begin PBXTargetDependency section */
		288F64441FD938A500B5672B /* PBXTargetDependency */ = {
			isa = PBXTargetDependency;
			target = 288F642D1FD938A400B5672B /* GitTest */;
			targetProxy = 288F64431FD938A500B5672B /* PBXContainerItemProxy */;
		};
		288F644F1FD938A500B5672B /* PBXTargetDependency */ = {
			isa = PBXTargetDependency;
			target = 288F642D1FD938A400B5672B /* GitTest */;
			targetProxy = 288F644E1FD938A500B5672B /* PBXContainerItemProxy */;
		};
/* End PBXTargetDependency section */

/* Begin PBXVariantGroup section */
		288F64351FD938A500B5672B /* Main.storyboard */ = {
			isa = PBXVariantGroup;
			children = (
				288F64361FD938A500B5672B /* Base */,
			);
			name = Main.storyboard;
			sourceTree = "<group>";
		};
		288F643A1FD938A500B5672B /* LaunchScreen.storyboard */ = {
			isa = PBXVariantGroup;
			children = (
				288F643B1FD938A500B5672B /* Base */,
			);
			name = LaunchScreen.storyboard;
			sourceTree = "<group>";
		};
/* End PBXVariantGroup section */

/* Begin XCBuildConfiguration section */
		288F64541FD938A500B5672B /* Debug */ = {
			isa = XCBuildConfiguration;
			buildSettings = {
				ALWAYS_SEARCH_USER_PATHS = NO;
				CLANG_ANALYZER_NONNULL = YES;
				CLANG_ANALYZER_NUMBER_OBJECT_CONVERSION = YES_AGGRESSIVE;
				CLANG_CXX_LANGUAGE_STANDARD = "gnu++14";
				CLANG_CXX_LIBRARY = "libc++";
				CLANG_ENABLE_MODULES = YES;
				CLANG_ENABLE_OBJC_ARC = YES;
				CLANG_WARN_BLOCK_CAPTURE_AUTORELEASING = YES;
				CLANG_WARN_BOOL_CONVERSION = YES;
				CLANG_WARN_COMMA = YES;
				CLANG_WARN_CONSTANT_CONVERSION = YES;
				CLANG_WARN_DIRECT_OBJC_ISA_USAGE = YES_ERROR;
				CLANG_WARN_DOCUMENTATION_COMMENTS = YES;
				CLANG_WARN_EMPTY_BODY = YES;
				CLANG_WARN_ENUM_CONVERSION = YES;
				CLANG_WARN_INFINITE_RECURSION = YES;
				CLANG_WARN_INT_CONVERSION = YES;
				CLANG_WARN_NON_LITERAL_NULL_CONVERSION = YES;
				CLANG_WARN_OBJC_LITERAL_CONVERSION = YES;
				CLANG_WARN_OBJC_ROOT_CLASS = YES_ERROR;
				CLANG_WARN_RANGE_LOOP_ANALYSIS = YES;
				CLANG_WARN_STRICT_PROTOTYPES = YES;
				CLANG_WARN_SUSPICIOUS_MOVE = YES;
				CLANG_WARN_UNGUARDED_AVAILABILITY = YES_AGGRESSIVE;
				CLANG_WARN_UNREACHABLE_CODE = YES;
				CLANG_WARN__DUPLICATE_METHOD_MATCH = YES;
				CODE_SIGN_IDENTITY = "iPhone Developer";
				COPY_PHASE_STRIP = NO;
				DEBUG_INFORMATION_FORMAT = dwarf;
				ENABLE_STRICT_OBJC_MSGSEND = YES;
				ENABLE_TESTABILITY = YES;
				GCC_C_LANGUAGE_STANDARD = gnu11;
				GCC_DYNAMIC_NO_PIC = NO;
				GCC_NO_COMMON_BLOCKS = YES;
				GCC_OPTIMIZATION_LEVEL = 0;
				GCC_PREPROCESSOR_DEFINITIONS = (
					"DEBUG=1",
					"$(inherited)",
				);
				GCC_WARN_64_TO_32_BIT_CONVERSION = YES;
				GCC_WARN_ABOUT_RETURN_TYPE = YES_ERROR;
				GCC_WARN_UNDECLARED_SELECTOR = YES;
				GCC_WARN_UNINITIALIZED_AUTOS = YES_AGGRESSIVE;
				GCC_WARN_UNUSED_FUNCTION = YES;
				GCC_WARN_UNUSED_VARIABLE = YES;
				IPHONEOS_DEPLOYMENT_TARGET = 11.2;
				MTL_ENABLE_DEBUG_INFO = YES;
				ONLY_ACTIVE_ARCH = YES;
				SDKROOT = iphoneos;
				SWIFT_ACTIVE_COMPILATION_CONDITIONS = DEBUG;
				SWIFT_OPTIMIZATION_LEVEL = "-Onone";
			};
			name = Debug;
		};
		288F64551FD938A500B5672B /* Release */ = {
			isa = XCBuildConfiguration;
			buildSettings = {
				ALWAYS_SEARCH_USER_PATHS = NO;
				CLANG_ANALYZER_NONNULL = YES;
				CLANG_ANALYZER_NUMBER_OBJECT_CONVERSION = YES_AGGRESSIVE;
				CLANG_CXX_LANGUAGE_STANDARD = "gnu++14";
				CLANG_CXX_LIBRARY = "libc++";
				CLANG_ENABLE_MODULES = YES;
				CLANG_ENABLE_OBJC_ARC = YES;
				CLANG_WARN_BLOCK_CAPTURE_AUTORELEASING = YES;
				CLANG_WARN_BOOL_CONVERSION = YES;
				CLANG_WARN_COMMA = YES;
				CLANG_WARN_CONSTANT_CONVERSION = YES;
				CLANG_WARN_DIRECT_OBJC_ISA_USAGE = YES_ERROR;
				CLANG_WARN_DOCUMENTATION_COMMENTS = YES;
				CLANG_WARN_EMPTY_BODY = YES;
				CLANG_WARN_ENUM_CONVERSION = YES;
				CLANG_WARN_INFINITE_RECURSION = YES;
				CLANG_WARN_INT_CONVERSION = YES;
				CLANG_WARN_NON_LITERAL_NULL_CONVERSION = YES;
				CLANG_WARN_OBJC_LITERAL_CONVERSION = YES;
				CLANG_WARN_OBJC_ROOT_CLASS = YES_ERROR;
				CLANG_WARN_RANGE_LOOP_ANALYSIS = YES;
				CLANG_WARN_STRICT_PROTOTYPES = YES;
				CLANG_WARN_SUSPICIOUS_MOVE = YES;
				CLANG_WARN_UNGUARDED_AVAILABILITY = YES_AGGRESSIVE;
				CLANG_WARN_UNREACHABLE_CODE = YES;
				CLANG_WARN__DUPLICATE_METHOD_MATCH = YES;
				CODE_SIGN_IDENTITY = "iPhone Developer";
				COPY_PHASE_STRIP = NO;
				DEBUG_INFORMATION_FORMAT = "dwarf-with-dsym";
				ENABLE_NS_ASSERTIONS = NO;
				ENABLE_STRICT_OBJC_MSGSEND = YES;
				GCC_C_LANGUAGE_STANDARD = gnu11;
				GCC_NO_COMMON_BLOCKS = YES;
				GCC_WARN_64_TO_32_BIT_CONVERSION = YES;
				GCC_WARN_ABOUT_RETURN_TYPE = YES_ERROR;
				GCC_WARN_UNDECLARED_SELECTOR = YES;
				GCC_WARN_UNINITIALIZED_AUTOS = YES_AGGRESSIVE;
				GCC_WARN_UNUSED_FUNCTION = YES;
				GCC_WARN_UNUSED_VARIABLE = YES;
				IPHONEOS_DEPLOYMENT_TARGET = 11.2;
				MTL_ENABLE_DEBUG_INFO = NO;
				SDKROOT = iphoneos;
				SWIFT_OPTIMIZATION_LEVEL = "-Owholemodule";
				VALIDATE_PRODUCT = YES;
			};
			name = Release;
		};
		288F64571FD938A500B5672B /* Debug */ = {
			isa = XCBuildConfiguration;
			buildSettings = {
				ASSETCATALOG_COMPILER_APPICON_NAME = AppIcon;
				CODE_SIGN_STYLE = Automatic;
				DEVELOPMENT_TEAM = T3QEHLRGJ6;
				INFOPLIST_FILE = GitTest/Info.plist;
				LD_RUNPATH_SEARCH_PATHS = "$(inherited) @executable_path/Frameworks";
				PRODUCT_BUNDLE_IDENTIFIER = Cibui.GitTest;
				PRODUCT_NAME = "$(TARGET_NAME)";
				SWIFT_VERSION = 4.0;
				TARGETED_DEVICE_FAMILY = "1,2";
			};
			name = Debug;
		};
		288F64581FD938A500B5672B /* Release */ = {
			isa = XCBuildConfiguration;
			buildSettings = {
				ASSETCATALOG_COMPILER_APPICON_NAME = AppIcon;
				CODE_SIGN_STYLE = Automatic;
				DEVELOPMENT_TEAM = T3QEHLRGJ6;
				INFOPLIST_FILE = GitTest/Info.plist;
				LD_RUNPATH_SEARCH_PATHS = "$(inherited) @executable_path/Frameworks";
				PRODUCT_BUNDLE_IDENTIFIER = Cibui.GitTest;
				PRODUCT_NAME = "$(TARGET_NAME)";
				SWIFT_VERSION = 4.0;
				TARGETED_DEVICE_FAMILY = "1,2";
			};
			name = Release;
		};
		288F645A1FD938A500B5672B /* Debug */ = {
			isa = XCBuildConfiguration;
			buildSettings = {
				ALWAYS_EMBED_SWIFT_STANDARD_LIBRARIES = YES;
				BUNDLE_LOADER = "$(TEST_HOST)";
				CODE_SIGN_STYLE = Automatic;
				DEVELOPMENT_TEAM = T3QEHLRGJ6;
				INFOPLIST_FILE = GitTestTests/Info.plist;
				LD_RUNPATH_SEARCH_PATHS = "$(inherited) @executable_path/Frameworks @loader_path/Frameworks";
				PRODUCT_BUNDLE_IDENTIFIER = Cibui.GitTestTests;
				PRODUCT_NAME = "$(TARGET_NAME)";
				SWIFT_VERSION = 4.0;
				TARGETED_DEVICE_FAMILY = "1,2";
				TEST_HOST = "$(BUILT_PRODUCTS_DIR)/GitTest.app/GitTest";
			};
			name = Debug;
		};
		288F645B1FD938A500B5672B /* Release */ = {
			isa = XCBuildConfiguration;
			buildSettings = {
				ALWAYS_EMBED_SWIFT_STANDARD_LIBRARIES = YES;
				BUNDLE_LOADER = "$(TEST_HOST)";
				CODE_SIGN_STYLE = Automatic;
				DEVELOPMENT_TEAM = T3QEHLRGJ6;
				INFOPLIST_FILE = GitTestTests/Info.plist;
				LD_RUNPATH_SEARCH_PATHS = "$(inherited) @executable_path/Frameworks @loader_path/Frameworks";
				PRODUCT_BUNDLE_IDENTIFIER = Cibui.GitTestTests;
				PRODUCT_NAME = "$(TARGET_NAME)";
				SWIFT_VERSION = 4.0;
				TARGETED_DEVICE_FAMILY = "1,2";
				TEST_HOST = "$(BUILT_PRODUCTS_DIR)/GitTest.app/GitTest";
			};
			name = Release;
		};
		288F645D1FD938A500B5672B /* Debug */ = {
			isa = XCBuildConfiguration;
			buildSettings = {
				ALWAYS_EMBED_SWIFT_STANDARD_LIBRARIES = YES;
				CODE_SIGN_STYLE = Automatic;
				DEVELOPMENT_TEAM = T3QEHLRGJ6;
				INFOPLIST_FILE = GitTestUITests/Info.plist;
				LD_RUNPATH_SEARCH_PATHS = "$(inherited) @executable_path/Frameworks @loader_path/Frameworks";
				PRODUCT_BUNDLE_IDENTIFIER = Cibui.GitTestUITests;
				PRODUCT_NAME = "$(TARGET_NAME)";
				SWIFT_VERSION = 4.0;
				TARGETED_DEVICE_FAMILY = "1,2";
				TEST_TARGET_NAME = GitTest;
			};
			name = Debug;
		};
		288F645E1FD938A500B5672B /* Release */ = {
			isa = XCBuildConfiguration;
			buildSettings = {
				ALWAYS_EMBED_SWIFT_STANDARD_LIBRARIES = YES;
				CODE_SIGN_STYLE = Automatic;
				DEVELOPMENT_TEAM = T3QEHLRGJ6;
				INFOPLIST_FILE = GitTestUITests/Info.plist;
				LD_RUNPATH_SEARCH_PATHS = "$(inherited) @executable_path/Frameworks @loader_path/Frameworks";
				PRODUCT_BUNDLE_IDENTIFIER = Cibui.GitTestUITests;
				PRODUCT_NAME = "$(TARGET_NAME)";
				SWIFT_VERSION = 4.0;
				TARGETED_DEVICE_FAMILY = "1,2";
				TEST_TARGET_NAME = GitTest;
			};
			name = Release;
		};
/* End XCBuildConfiguration section */

/* Begin XCConfigurationList section */
		288F64291FD938A400B5672B /* Build configuration list for PBXProject "GitTest" */ = {
			isa = XCConfigurationList;
			buildConfigurations = (
				288F64541FD938A500B5672B /* Debug */,
				288F64551FD938A500B5672B /* Release */,
			);
			defaultConfigurationIsVisible = 0;
			defaultConfigurationName = Release;
		};
		288F64561FD938A500B5672B /* Build configuration list for PBXNativeTarget "GitTest" */ = {
			isa = XCConfigurationList;
			buildConfigurations = (
				288F64571FD938A500B5672B /* Debug */,
				288F64581FD938A500B5672B /* Release */,
			);
			defaultConfigurationIsVisible = 0;
			defaultConfigurationName = Release;
		};
		288F64591FD938A500B5672B /* Build configuration list for PBXNativeTarget "GitTestTests" */ = {
			isa = XCConfigurationList;
			buildConfigurations = (
				288F645A1FD938A500B5672B /* Debug */,
				288F645B1FD938A500B5672B /* Release */,
			);
			defaultConfigurationIsVisible = 0;
			defaultConfigurationName = Release;
		};
		288F645C1FD938A500B5672B /* Build configuration list for PBXNativeTarget "GitTestUITests" */ = {
			isa = XCConfigurationList;
			buildConfigurations = (
				288F645D1FD938A500B5672B /* Debug */,
				288F645E1FD938A500B5672B /* Release */,
			);
			defaultConfigurationIsVisible = 0;
			defaultConfigurationName = Release;
		};
/* End XCConfigurationList section */
	};
	rootObject = 288F64261FD938A400B5672B /* Project object */;
}
